lockfileVersion: 5.4

specifiers:
  '@swc/core': ^1.7.3
  '@types/node': ^22.0.0
  swc-loader: ^0.2.6
  typescript: ^5.5.4

devDependencies:
  '@swc/core': 1.7.3
  '@types/node': 22.0.0
  swc-loader: 0.2.6_@swc+core@1.7.3
  typescript: 5.5.4

packages:

  /@swc/core-darwin-arm64/1.7.3:
    resolution: {integrity: sha512-CTkHa6MJdov9t41vuV2kmQIMu+Q19LrEHGIR/UiJYH06SC/sOu35ZZH8DyfLp9ZoaCn21gwgWd61ixOGQlwzTw==}
    engines: {node: '>=10'}
    cpu: [arm64]
    os: [darwin]
    requiresBuild: true
    dev: true
    optional: true

  /@swc/core-darwin-x64/1.7.3:
    resolution: {integrity: sha512-mun623y6rCoZ2EFIYfIRqXYRFufJOopoYSJcxYhZUrfTpAvQ1zLngjQpWCUU1krggXR2U0PQj+ls0DfXUTraNg==}
    engines: {node: '>=10'}
    cpu: [x64]
    os: [darwin]
    requiresBuild: true
    dev: true
    optional: true

  /@swc/core-linux-arm-gnueabihf/1.7.3:
    resolution: {integrity: sha512-4Jz4UcIcvZNMp9qoHbBx35bo3rjt8hpYLPqnR4FFq6gkAsJIMFC56UhRZwdEQoDuYiOFMBnnrsg31Fyo6YQypA==}
    engines: {node: '>=10'}
    cpu: [arm]
    os: [linux]
    requiresBuild: true
    dev: true
    optional: true

  /@swc/core-linux-arm64-gnu/1.7.3:
    resolution: {integrity: sha512-p+U/M/oqV7HC4erQ5TVWHhJU1984QD+wQBPxslAYq751bOQGm0R/mXK42GjugqjnR6yYrAiwKKbpq4iWVXNePA==}
    engines: {node: '>=10'}
    cpu: [arm64]
    os: [linux]
    libc: [glibc]
    requiresBuild: true
    dev: true
    optional: true

  /@swc/core-linux-arm64-musl/1.7.3:
    resolution: {integrity: sha512-s6VzyaJwaRGTi2mz2h6Ywxfmgpkc69IxhuMzl+sl34plH0V0RgnZDm14HoCGIKIzRk4+a2EcBV1ZLAfWmPACQg==}
    engines: {node: '>=10'}
    cpu: [arm64]
    os: [linux]
    libc: [musl]
    requiresBuild: true
    dev: true
    optional: true

  /@swc/core-linux-x64-gnu/1.7.3:
    resolution: {integrity: sha512-IrFY48C356Z2dU2pjYg080yvMXzmSV3Lmm/Wna4cfcB1nkVLjWsuYwwRAk9CY7E19c+q8N1sMNggubAUDYoX2g==}
    engines: {node: '>=10'}
    cpu: [x64]
    os: [linux]
    libc: [glibc]
    requiresBuild: true
    dev: true
    optional: true

  /@swc/core-linux-x64-musl/1.7.3:
    resolution: {integrity: sha512-qoLgxBlBnnyUEDu5vmRQqX90h9jldU1JXI96e6eh2d1gJyKRA0oSK7xXmTzorv1fGHiHulv9qiJOUG+g6uzJWg==}
    engines: {node: '>=10'}
    cpu: [x64]
    os: [linux]
    libc: [musl]
    requiresBuild: true
    dev: true
    optional: true

  /@swc/core-win32-arm64-msvc/1.7.3:
    resolution: {integrity: sha512-OAd7jVVJ7nb0Ev80VAa1aeK+FldPeC4eZ35H4Qn6EICzIz0iqJo2T33qLKkSZiZEBKSoF4KcwrqYfkjLOp5qWg==}
    engines: {node: '>=10'}
    cpu: [arm64]
    os: [win32]
    requiresBuild: true
    dev: true
    optional: true

  /@swc/core-win32-ia32-msvc/1.7.3:
    resolution: {integrity: sha512-31+Le1NyfSnILFV9+AhxfFOG0DK0272MNhbIlbcv4w/iqpjkhaOnNQnLsYJD1Ow7lTX1MtIZzTjOhRlzSviRWg==}
    engines: {node: '>=10'}
    cpu: [ia32]
    os: [win32]
    requiresBuild: true
    dev: true
    optional: true

  /@swc/core-win32-x64-msvc/1.7.3:
    resolution: {integrity: sha512-jVQPbYrwcuueI4QB0fHC29SVrkFOBcfIspYDlgSoHnEz6tmLMqUy+txZUypY/ZH/KaK0HEY74JkzgbRC1S6LFQ==}
    engines: {node: '>=10'}
    cpu: [x64]
    os: [win32]
    requiresBuild: true
    dev: true
    optional: true

  /@swc/core/1.7.3:
    resolution: {integrity: sha512-HHAlbXjWI6Kl9JmmUW1LSygT1YbblXgj2UvvDzMkTBPRzYMhW6xchxdO8HbtMPtFYRt/EQq9u1z7j4ttRSrFsA==}
    engines: {node: '>=10'}
    requiresBuild: true
    peerDependencies:
      '@swc/helpers': '*'
    peerDependenciesMeta:
      '@swc/helpers':
        optional: true
    dependencies:
      '@swc/counter': 0.1.3
      '@swc/types': 0.1.12
    optionalDependencies:
      '@swc/core-darwin-arm64': 1.7.3
      '@swc/core-darwin-x64': 1.7.3
      '@swc/core-linux-arm-gnueabihf': 1.7.3
      '@swc/core-linux-arm64-gnu': 1.7.3
      '@swc/core-linux-arm64-musl': 1.7.3
      '@swc/core-linux-x64-gnu': 1.7.3
      '@swc/core-linux-x64-musl': 1.7.3
      '@swc/core-win32-arm64-msvc': 1.7.3
      '@swc/core-win32-ia32-msvc': 1.7.3
      '@swc/core-win32-x64-msvc': 1.7.3
    dev: true

  /@swc/counter/0.1.3:
    resolution: {integrity: sha512-e2BR4lsJkkRlKZ/qCHPw9ZaSxc0MVUd7gtbtaB7aMvHeJVYe8sOB8DBZkP2DtISHGSku9sCK6T6cnY0CtXrOCQ==}
    dev: true

  /@swc/types/0.1.12:
    resolution: {integrity: sha512-wBJA+SdtkbFhHjTMYH+dEH1y4VpfGdAc2Kw/LK09i9bXd/K6j6PkDcFCEzb6iVfZMkPRrl/q0e3toqTAJdkIVA==}
    dependencies:
      '@swc/counter': 0.1.3
    dev: true

  /@types/node/22.0.0:
    resolution: {integrity: sha512-VT7KSYudcPOzP5Q0wfbowyNLaVR8QWUdw+088uFWwfvpY6uCWaXpqV6ieLAu9WBcnTa7H4Z5RLK8I5t2FuOcqw==}
    dependencies:
      undici-types: 6.11.1
    dev: true

  /swc-loader/0.2.6_@swc+core@1.7.3:
    resolution: {integrity: sha512-9Zi9UP2YmDpgmQVbyOPJClY0dwf58JDyDMQ7uRc4krmc72twNI2fvlBWHLqVekBpPc7h5NJkGVT1zNDxFrqhvg==}
    peerDependencies:
      '@swc/core': ^1.2.147
      webpack: '>=2'
    dependencies:
      '@swc/core': 1.7.3
      '@swc/counter': 0.1.3
    dev: true

  /typescript/5.5.4:
    resolution: {integrity: sha512-Mtq29sKDAEYP7aljRgtPOpTvOfbwRWlS6dPRzwjdE+C0R4brX/GUyhHSecbHMFLNBLcJIPt9nl9yG5TZ1weH+Q==}
    engines: {node: '>=14.17'}
    hasBin: true
    dev: true

  /undici-types/6.11.1:
    resolution: {integrity: sha512-mIDEX2ek50x0OlRgxryxsenE5XaQD4on5U2inY7RApK3SOJpofyw7uW2AyfMKkhAxXIceo2DeWGVGwyvng1GNQ==}
    dev: true
